
Microsoft Visual Studio Solution File, Format Version 12.00
# Visual Studio Version 17
VisualStudioVersion = 17.8.34004.107
MinimumVisualStudioVersion = 10.0.40219.1
Project("{FAE04EC0-301F-11D3-BF4B-00C04F79EFBC}") = "SampleUwpApp", "SampleUwpApp\SampleUwpApp.csproj", "{536D6CDD-83D3-4ACF-A225-7530DBA95072}"
EndProject
Project("{2150E333-8FDC-42A3-9474-1A3956D46DE8}") = "dev", "dev", "{3BBF5C34-EAE8-4BE3-B590-AB803A5C1F53}"
EndProject
Project("{FAE04EC0-301F-11D3-BF4B-00C04F79EFBC}") = "SampleUwpApp.Test", "SampleUwpApp.Test\SampleUwpApp.Test.csproj", "{2C35A3A1-09C2-40AE-83A7-DEA3DA799BED}"
EndProject
Project("{2150E333-8FDC-42A3-9474-1A3956D46DE8}") = "Test", "Test", "{FCBE4200-2339-4ACA-A718-EF5135596D9F}"
EndProject
Project("{2150E333-8FDC-42A3-9474-1A3956D46DE8}") = "Shared", "Shared", "{97531E91-3DCC-499D-BAA4-CBEB8BABB389}"
EndProject
Project("{FAE04EC0-301F-11D3-BF4B-00C04F79EFBC}") = "SampleUwpApp.Shared", "SampleUwpApp.Shared\SampleUwpApp.Shared.csproj", "{6D07B209-551A-4F49-8EB7-3B0E8D61E3EF}"
EndProject
Global
	GlobalSection(SolutionConfigurationPlatforms) = preSolution
		Debug|Any CPU = Debug|Any CPU
		Debug|ARM = Debug|ARM
		Debug|ARM64 = Debug|ARM64
		Debug|x64 = Debug|x64
		Debug|x86 = Debug|x86
		Release|Any CPU = Release|Any CPU
		Release|ARM = Release|ARM
		Release|ARM64 = Release|ARM64
		Release|x64 = Release|x64
		Release|x86 = Release|x86
	EndGlobalSection
	GlobalSection(ProjectConfigurationPlatforms) = postSolution
		{536D6CDD-83D3-4ACF-A225-7530DBA95072}.Debug|Any CPU.ActiveCfg = Debug|x64
		{536D6CDD-83D3-4ACF-A225-7530DBA95072}.Debug|Any CPU.Build.0 = Debug|x64
		{536D6CDD-83D3-4ACF-A225-7530DBA95072}.Debug|Any CPU.Deploy.0 = Debug|x64
		{536D6CDD-83D3-4ACF-A225-7530DBA95072}.Debug|ARM.ActiveCfg = Debug|ARM
		{536D6CDD-83D3-4ACF-A225-7530DBA95072}.Debug|ARM.Build.0 = Debug|ARM
		{536D6CDD-83D3-4ACF-A225-7530DBA95072}.Debug|ARM.Deploy.0 = Debug|ARM
		{536D6CDD-83D3-4ACF-A225-7530DBA95072}.Debug|ARM64.ActiveCfg = Debug|ARM64
		{536D6CDD-83D3-4ACF-A225-7530DBA95072}.Debug|ARM64.Build.0 = Debug|ARM64
		{536D6CDD-83D3-4ACF-A225-7530DBA95072}.Debug|ARM64.Deploy.0 = Debug|ARM64
		{536D6CDD-83D3-4ACF-A225-7530DBA95072}.Debug|x64.ActiveCfg = Debug|x64
		{536D6CDD-83D3-4ACF-A225-7530DBA95072}.Debug|x64.Build.0 = Debug|x64
		{536D6CDD-83D3-4ACF-A225-7530DBA95072}.Debug|x64.Deploy.0 = Debug|x64
		{536D6CDD-83D3-4ACF-A225-7530DBA95072}.Debug|x86.ActiveCfg = Debug|x86
		{536D6CDD-83D3-4ACF-A225-7530DBA95072}.Debug|x86.Build.0 = Debug|x86
		{536D6CDD-83D3-4ACF-A225-7530DBA95072}.Debug|x86.Deploy.0 = Debug|x86
		{536D6CDD-83D3-4ACF-A225-7530DBA95072}.Release|Any CPU.ActiveCfg = Release|x64
		{536D6CDD-83D3-4ACF-A225-7530DBA95072}.Release|Any CPU.Build.0 = Release|x64
		{536D6CDD-83D3-4ACF-A225-7530DBA95072}.Release|Any CPU.Deploy.0 = Release|x64
		{536D6CDD-83D3-4ACF-A225-7530DBA95072}.Release|ARM.ActiveCfg = Release|ARM
		{536D6CDD-83D3-4ACF-A225-7530DBA95072}.Release|ARM.Build.0 = Release|ARM
		{536D6CDD-83D3-4ACF-A225-7530DBA95072}.Release|ARM.Deploy.0 = Release|ARM
		{536D6CDD-83D3-4ACF-A225-7530DBA95072}.Release|ARM64.ActiveCfg = Release|ARM64
		{536D6CDD-83D3-4ACF-A225-7530DBA95072}.Release|ARM64.Build.0 = Release|ARM64
		{536D6CDD-83D3-4ACF-A225-7530DBA95072}.Release|ARM64.Deploy.0 = Release|ARM64
		{536D6CDD-83D3-4ACF-A225-7530DBA95072}.Release|x64.ActiveCfg = Release|x64
		{536D6CDD-83D3-4ACF-A225-7530DBA95072}.Release|x64.Build.0 = Release|x64
		{536D6CDD-83D3-4ACF-A225-7530DBA95072}.Release|x64.Deploy.0 = Release|x64
		{536D6CDD-83D3-4ACF-A225-7530DBA95072}.Release|x86.ActiveCfg = Release|x86
		{536D6CDD-83D3-4ACF-A225-7530DBA95072}.Release|x86.Build.0 = Release|x86
		{536D6CDD-83D3-4ACF-A225-7530DBA95072}.Release|x86.Deploy.0 = Release|x86
		{2C35A3A1-09C2-40AE-83A7-DEA3DA799BED}.Debug|Any CPU.ActiveCfg = Debug|x64
		{2C35A3A1-09C2-40AE-83A7-DEA3DA799BED}.Debug|Any CPU.Build.0 = Debug|x64
		{2C35A3A1-09C2-40AE-83A7-DEA3DA799BED}.Debug|Any CPU.Deploy.0 = Debug|x64
		{2C35A3A1-09C2-40AE-83A7-DEA3DA799BED}.Debug|ARM.ActiveCfg = Debug|ARM
		{2C35A3A1-09C2-40AE-83A7-DEA3DA799BED}.Debug|ARM.Build.0 = Debug|ARM
		{2C35A3A1-09C2-40AE-83A7-DEA3DA799BED}.Debug|ARM.Deploy.0 = Debug|ARM
		{2C35A3A1-09C2-40AE-83A7-DEA3DA799BED}.Debug|ARM64.ActiveCfg = Debug|ARM64
		{2C35A3A1-09C2-40AE-83A7-DEA3DA799BED}.Debug|ARM64.Build.0 = Debug|ARM64
		{2C35A3A1-09C2-40AE-83A7-DEA3DA799BED}.Debug|ARM64.Deploy.0 = Debug|ARM64
		{2C35A3A1-09C2-40AE-83A7-DEA3DA799BED}.Debug|x64.ActiveCfg = Debug|x64
		{2C35A3A1-09C2-40AE-83A7-DEA3DA799BED}.Debug|x64.Build.0 = Debug|x64
		{2C35A3A1-09C2-40AE-83A7-DEA3DA799BED}.Debug|x64.Deploy.0 = Debug|x64
		{2C35A3A1-09C2-40AE-83A7-DEA3DA799BED}.Debug|x86.ActiveCfg = Debug|x86
		{2C35A3A1-09C2-40AE-83A7-DEA3DA799BED}.Debug|x86.Build.0 = Debug|x86
		{2C35A3A1-09C2-40AE-83A7-DEA3DA799BED}.Debug|x86.Deploy.0 = Debug|x86
		{2C35A3A1-09C2-40AE-83A7-DEA3DA799BED}.Release|Any CPU.ActiveCfg = Release|x64
		{2C35A3A1-09C2-40AE-83A7-DEA3DA799BED}.Release|Any CPU.Build.0 = Release|x64
		{2C35A3A1-09C2-40AE-83A7-DEA3DA799BED}.Release|Any CPU.Deploy.0 = Release|x64
		{2C35A3A1-09C2-40AE-83A7-DEA3DA799BED}.Release|ARM.ActiveCfg = Release|ARM
		{2C35A3A1-09C2-40AE-83A7-DEA3DA799BED}.Release|ARM.Build.0 = Release|ARM
		{2C35A3A1-09C2-40AE-83A7-DEA3DA799BED}.Release|ARM.Deploy.0 = Release|ARM
		{2C35A3A1-09C2-40AE-83A7-DEA3DA799BED}.Release|ARM64.ActiveCfg = Release|ARM64
		{2C35A3A1-09C2-40AE-83A7-DEA3DA799BED}.Release|ARM64.Build.0 = Release|ARM64
		{2C35A3A1-09C2-40AE-83A7-DEA3DA799BED}.Release|ARM64.Deploy.0 = Release|ARM64
		{2C35A3A1-09C2-40AE-83A7-DEA3DA799BED}.Release|x64.ActiveCfg = Release|x64
		{2C35A3A1-09C2-40AE-83A7-DEA3DA799BED}.Release|x64.Build.0 = Release|x64
		{2C35A3A1-09C2-40AE-83A7-DEA3DA799BED}.Release|x64.Deploy.0 = Release|x64
		{2C35A3A1-09C2-40AE-83A7-DEA3DA799BED}.Release|x86.ActiveCfg = Release|x86
		{2C35A3A1-09C2-40AE-83A7-DEA3DA799BED}.Release|x86.Build.0 = Release|x86
		{2C35A3A1-09C2-40AE-83A7-DEA3DA799BED}.Release|x86.Deploy.0 = Release|x86
		{6D07B209-551A-4F49-8EB7-3B0E8D61E3EF}.Debug|Any CPU.ActiveCfg = Debug|Any CPU
		{6D07B209-551A-4F49-8EB7-3B0E8D61E3EF}.Debug|Any CPU.Build.0 = Debug|Any CPU
		{6D07B209-551A-4F49-8EB7-3B0E8D61E3EF}.Debug|ARM.ActiveCfg = Debug|ARM
		{6D07B209-551A-4F49-8EB7-3B0E8D61E3EF}.Debug|ARM.Build.0 = Debug|ARM
		{6D07B209-551A-4F49-8EB7-3B0E8D61E3EF}.Debug|ARM64.ActiveCfg = Debug|ARM64
		{6D07B209-551A-4F49-8EB7-3B0E8D61E3EF}.Debug|ARM64.Build.0 = Debug|ARM64
		{6D07B209-551A-4F49-8EB7-3B0E8D61E3EF}.Debug|x64.ActiveCfg = Debug|x64
		{6D07B209-551A-4F49-8EB7-3B0E8D61E3EF}.Debug|x64.Build.0 = Debug|x64
		{6D07B209-551A-4F49-8EB7-3B0E8D61E3EF}.Debug|x86.ActiveCfg = Debug|x86
		{6D07B209-551A-4F49-8EB7-3B0E8D61E3EF}.Debug|x86.Build.0 = Debug|x86
		{6D07B209-551A-4F49-8EB7-3B0E8D61E3EF}.Release|Any CPU.ActiveCfg = Release|Any CPU
		{6D07B209-551A-4F49-8EB7-3B0E8D61E3EF}.Release|Any CPU.Build.0 = Release|Any CPU
		{6D07B209-551A-4F49-8EB7-3B0E8D61E3EF}.Release|ARM.ActiveCfg = Release|ARM
		{6D07B209-551A-4F49-8EB7-3B0E8D61E3EF}.Release|ARM.Build.0 = Release|ARM
		{6D07B209-551A-4F49-8EB7-3B0E8D61E3EF}.Release|ARM64.ActiveCfg = Release|ARM64
		{6D07B209-551A-4F49-8EB7-3B0E8D61E3EF}.Release|ARM64.Build.0 = Release|ARM64
		{6D07B209-551A-4F49-8EB7-3B0E8D61E3EF}.Release|x64.ActiveCfg = Release|x64
		{6D07B209-551A-4F49-8EB7-3B0E8D61E3EF}.Release|x64.Build.0 = Release|x64
		{6D07B209-551A-4F49-8EB7-3B0E8D61E3EF}.Release|x86.ActiveCfg = Release|x86
		{6D07B209-551A-4F49-8EB7-3B0E8D61E3EF}.Release|x86.Build.0 = Release|x86
	EndGlobalSection
	GlobalSection(SolutionProperties) = preSolution
		HideSolutionNode = FALSE
	EndGlobalSection
	GlobalSection(NestedProjects) = preSolution
		{536D6CDD-83D3-4ACF-A225-7530DBA95072} = {3BBF5C34-EAE8-4BE3-B590-AB803A5C1F53}
		{2C35A3A1-09C2-40AE-83A7-DEA3DA799BED} = {FCBE4200-2339-4ACA-A718-EF5135596D9F}
		{97531E91-3DCC-499D-BAA4-CBEB8BABB389} = {3BBF5C34-EAE8-4BE3-B590-AB803A5C1F53}
		{6D07B209-551A-4F49-8EB7-3B0E8D61E3EF} = {97531E91-3DCC-499D-BAA4-CBEB8BABB389}
	EndGlobalSection
	GlobalSection(ExtensibilityGlobals) = postSolution
		SolutionGuid = {6B92C598-CFAC-4F2F-B21A-3CC9B18864AF}
	EndGlobalSection
EndGlobal
